{
	"name": "interview-test",
	"version": "0.0.0",
	"lockfileVersion": 2,
	"requires": true,
	"packages": {
		"": {
			"version": "0.0.0",
			"dependencies": {
				"@arijs/vue-prerender": "^0.0.3",
				"@vue/compiler-dom": "^3.0.7",
				"rollup": "^2.40.0",
				"vue": "^3.0.7"
			},
			"devDependencies": {
				"@arijs/frontend": "^0.2.5",
				"vite": "^2.0.5"
			}
		},
		"node_modules/@arijs/frontend": {
			"version": "0.2.5",
			"resolved": "https://registry.npmjs.org/@arijs/frontend/-/frontend-0.2.5.tgz",
			"integrity": "sha512-vqkYnCBVOGl4m++ThVFxk51xcb2YTonqs+IvPR1ddYXiYqoSYELkutV1l1/AnmmUrO5m7HW+TvS6Pl6jUHZxHQ==",
			"dependencies": {
				"@babel/polyfill": "^7.12.1"
			}
		},
		"node_modules/@arijs/stream-xml-parser": {
			"version": "0.2.0",
			"resolved": "https://registry.npmjs.org/@arijs/stream-xml-parser/-/stream-xml-parser-0.2.0.tgz",
			"integrity": "sha512-dh37xMNE/ry+fUzKG+BKT9gHGqg2q/3d0Ejx2FyLRE5dyj0OZO087fgTnzgl6IDO4qAerRPUBzVk5iTa+OGF1w=="
		},
		"node_modules/@arijs/vue-prerender": {
			"version": "0.0.3",
			"resolved": "https://registry.npmjs.org/@arijs/vue-prerender/-/vue-prerender-0.0.3.tgz",
			"integrity": "sha512-NpqGBFMxAaked6uGa1l1hoWqsAvZRXf+p/Ben4OR61ZVmsh2e1Pn7gDTDEabswjkv5D7zHD1YsnCJhbetVJlpA==",
			"dependencies": {
				"@arijs/frontend": "^0.2.4",
				"@arijs/stream-xml-parser": "^0.2.0"
			}
		},
		"node_modules/@babel/helper-validator-identifier": {
			"version": "7.12.11",
			"resolved": "https://registry.npmjs.org/@babel/helper-validator-identifier/-/helper-validator-identifier-7.12.11.tgz",
			"integrity": "sha512-np/lG3uARFybkoHokJUmf1QfEvRVCPbmQeUQpKow5cQ3xWrV9i3rUHodKDJPQfTVX61qKi+UdYk8kik84n7XOw=="
		},
		"node_modules/@babel/parser": {
			"version": "7.13.9",
			"resolved": "https://registry.npmjs.org/@babel/parser/-/parser-7.13.9.tgz",
			"integrity": "sha512-nEUfRiARCcaVo3ny3ZQjURjHQZUo/JkEw7rLlSZy/psWGnvwXFtPcr6jb7Yb41DVW5LTe6KRq9LGleRNsg1Frw==",
			"bin": {
				"parser": "bin/babel-parser.js"
			},
			"engines": {
				"node": ">=6.0.0"
			}
		},
		"node_modules/@babel/polyfill": {
			"version": "7.12.1",
			"resolved": "https://registry.npmjs.org/@babel/polyfill/-/polyfill-7.12.1.tgz",
			"integrity": "sha512-X0pi0V6gxLi6lFZpGmeNa4zxtwEmCs42isWLNjZZDE0Y8yVfgu0T2OAHlzBbdYlqbW/YXVvoBHpATEM+goCj8g==",
			"deprecated": "🚨 This package has been deprecated in favor of separate inclusion of a polyfill and regenerator-runtime (when needed). See the @babel/polyfill docs (https://babeljs.io/docs/en/babel-polyfill) for more information.",
			"dependencies": {
				"core-js": "^2.6.5",
				"regenerator-runtime": "^0.13.4"
			}
		},
		"node_modules/@babel/types": {
			"version": "7.13.0",
			"resolved": "https://registry.npmjs.org/@babel/types/-/types-7.13.0.tgz",
			"integrity": "sha512-hE+HE8rnG1Z6Wzo+MhaKE5lM5eMx71T4EHJgku2E3xIfaULhDcxiiRxUYgwX8qwP1BBSlag+TdGOt6JAidIZTA==",
			"dependencies": {
				"@babel/helper-validator-identifier": "^7.12.11",
				"lodash": "^4.17.19",
				"to-fast-properties": "^2.0.0"
			}
		},
		"node_modules/@vue/compiler-core": {
			"version": "3.0.7",
			"resolved": "https://registry.npmjs.org/@vue/compiler-core/-/compiler-core-3.0.7.tgz",
			"integrity": "sha512-JFohgBXoyUc3mdeI2WxlhjQZ5fakfemJkZHX8Gu/nFbEg3+lKVUZmNKWmmnp9aOzJQZKoj77LjmFxiP+P+7lMQ==",
			"dependencies": {
				"@babel/parser": "^7.12.0",
				"@babel/types": "^7.12.0",
				"@vue/shared": "3.0.7",
				"estree-walker": "^2.0.1",
				"source-map": "^0.6.1"
			}
		},
		"node_modules/@vue/compiler-dom": {
			"version": "3.0.7",
			"resolved": "https://registry.npmjs.org/@vue/compiler-dom/-/compiler-dom-3.0.7.tgz",
			"integrity": "sha512-VnIH9EbWQm/Tkcp+8dCaNVsVvhm/vxCrIKWRkXY9215hTqOqQOvejT8IMjd2kc++nIsYMsdQk6H9qqBvoLe/Cw==",
			"dependencies": {
				"@vue/compiler-core": "3.0.7",
				"@vue/shared": "3.0.7"
			}
		},
		"node_modules/@vue/reactivity": {
			"version": "3.0.7",
			"resolved": "https://registry.npmjs.org/@vue/reactivity/-/reactivity-3.0.7.tgz",
			"integrity": "sha512-FotWcNNaKhqpFZrdgsUOZ1enlJ5lhTt01CNTtLSyK7jYFgZBTuw8vKsEutZKDYZ1XKotOfoeO8N3pZQqmM6Etw==",
			"dependencies": {
				"@vue/shared": "3.0.7"
			}
		},
		"node_modules/@vue/runtime-core": {
			"version": "3.0.7",
			"resolved": "https://registry.npmjs.org/@vue/runtime-core/-/runtime-core-3.0.7.tgz",
			"integrity": "sha512-DBAZAwVvdmMXuyd6/9qqj/kYr/GaLTmn1L2/QLxLwP+UfhIboiTSBc/tUUb8MRk7Bb98GzNeAWkkT6AfooS3dQ==",
			"dependencies": {
				"@vue/reactivity": "3.0.7",
				"@vue/shared": "3.0.7"
			}
		},
		"node_modules/@vue/runtime-dom": {
			"version": "3.0.7",
			"resolved": "https://registry.npmjs.org/@vue/runtime-dom/-/runtime-dom-3.0.7.tgz",
			"integrity": "sha512-Oij4ruOtnpQpCj+/Q3JPzgpTJ1Q7+N67pA53A8KVITEtxfvKL46NN6dhAZ5NGqwX6RWZpYqWQNewITeF0pHr8g==",
			"dependencies": {
				"@vue/runtime-core": "3.0.7",
				"@vue/shared": "3.0.7",
				"csstype": "^2.6.8"
			}
		},
		"node_modules/@vue/shared": {
			"version": "3.0.7",
			"resolved": "https://registry.npmjs.org/@vue/shared/-/shared-3.0.7.tgz",
			"integrity": "sha512-dn5FyfSc4ky424jH4FntiHno7Ss5yLkqKNmM/NXwANRnlkmqu74pnGetexDFVG5phMk9/FhwovUZCWGxsotVKg=="
		},
		"node_modules/colorette": {
			"version": "1.2.2",
			"resolved": "https://registry.npmjs.org/colorette/-/colorette-1.2.2.tgz",
			"integrity": "sha512-MKGMzyfeuutC/ZJ1cba9NqcNpfeqMUcYmyF1ZFY6/Cn7CNSAKx6a+s48sqLqyAiZuaP2TcqMhoo+dlwFnVxT9w==",
			"dev": true
		},
		"node_modules/core-js": {
			"version": "2.6.12",
			"resolved": "https://registry.npmjs.org/core-js/-/core-js-2.6.12.tgz",
			"integrity": "sha512-Kb2wC0fvsWfQrgk8HU5lW6U/Lcs8+9aaYcy4ZFc6DDlo4nZ7n70dEgE5rtR0oG6ufKDUnrwfWL1mXR5ljDatrQ==",
			"deprecated": "core-js@<3 is no longer maintained and not recommended for usage due to the number of issues. Please, upgrade your dependencies to the actual version of core-js@3.",
			"hasInstallScript": true
		},
		"node_modules/csstype": {
			"version": "2.6.16",
			"resolved": "https://registry.npmjs.org/csstype/-/csstype-2.6.16.tgz",
			"integrity": "sha512-61FBWoDHp/gRtsoDkq/B1nWrCUG/ok1E3tUrcNbZjsE9Cxd9yzUirjS3+nAATB8U4cTtaQmAHbNndoFz5L6C9Q=="
		},
		"node_modules/esbuild": {
			"version": "0.8.56",
			"resolved": "https://registry.npmjs.org/esbuild/-/esbuild-0.8.56.tgz",
			"integrity": "sha512-PTMdAWK3JI2MNW811znGssGP5GR44tQPr++VQ1rPP0n8Z1cTKbCPD3S/kXPLr3ZZDIwAaVm08fuFym6Rp8l/0A==",
			"dev": true,
			"hasInstallScript": true,
			"bin": {
				"esbuild": "bin/esbuild"
			}
		},
		"node_modules/estree-walker": {
			"version": "2.0.2",
			"resolved": "https://registry.npmjs.org/estree-walker/-/estree-walker-2.0.2.tgz",
			"integrity": "sha512-Rfkk/Mp/DL7JVje3u18FxFujQlTNR2q6QfMSMB7AvCBx91NGj/ba3kCfza0f6dVDbw7YlRf/nDrn7pQrCCyQ/w=="
		},
		"node_modules/fsevents": {
			"version": "2.3.2",
			"resolved": "https://registry.npmjs.org/fsevents/-/fsevents-2.3.2.tgz",
			"integrity": "sha512-xiqMQR4xAeHTuB9uWm+fFRcIOgKBMiOBP+eXiyT7jsgVCq1bkVygt00oASowB7EdtpOHaaPgKt812P9ab+DDKA==",
			"hasInstallScript": true,
			"optional": true,
			"os": [
				"darwin"
			],
			"engines": {
				"node": "^8.16.0 || ^10.6.0 || >=11.0.0"
			}
		},
		"node_modules/function-bind": {
			"version": "1.1.1",
			"resolved": "https://registry.npmjs.org/function-bind/-/function-bind-1.1.1.tgz",
			"integrity": "sha512-yIovAzMX49sF8Yl58fSCWJ5svSLuaibPxXQJFLmBObTuCr0Mf1KiPopGM9NiFjiYBCbfaa2Fh6breQ6ANVTI0A==",
			"dev": true
		},
		"node_modules/has": {
			"version": "1.0.3",
			"resolved": "https://registry.npmjs.org/has/-/has-1.0.3.tgz",
			"integrity": "sha512-f2dvO0VU6Oej7RkWJGrehjbzMAjFp5/VKPp5tTpWIV4JHHZK1/BxbFRtf/siA2SWTe09caDmVtYYzWEIbBS4zw==",
			"dev": true,
			"dependencies": {
				"function-bind": "^1.1.1"
			},
			"engines": {
				"node": ">= 0.4.0"
			}
		},
		"node_modules/is-core-module": {
			"version": "2.2.0",
			"resolved": "https://registry.npmjs.org/is-core-module/-/is-core-module-2.2.0.tgz",
			"integrity": "sha512-XRAfAdyyY5F5cOXn7hYQDqh2Xmii+DEfIcQGxK/uNwMHhIkPWO0g8msXcbzLe+MpGoR951MlqM/2iIlU4vKDdQ==",
			"dev": true,
			"dependencies": {
				"has": "^1.0.3"
			},
			"funding": {
				"url": "https://github.com/sponsors/ljharb"
			}
		},
		"node_modules/lodash": {
			"version": "4.17.21",
			"resolved": "https://registry.npmjs.org/lodash/-/lodash-4.17.21.tgz",
			"integrity": "sha512-v2kDEe57lecTulaDIuNTPy3Ry4gLGJ6Z1O3vE1krgXZNrsQ+LFTGHVxVjcXPs17LhbZVGedAJv8XZ1tvj5FvSg=="
		},
		"node_modules/nanoid": {
			"version": "3.1.20",
			"resolved": "https://registry.npmjs.org/nanoid/-/nanoid-3.1.20.tgz",
			"integrity": "sha512-a1cQNyczgKbLX9jwbS/+d7W8fX/RfgYR7lVWwWOGIPNgK2m0MWvrGF6/m4kk6U3QcFMnZf3RIhL0v2Jgh/0Uxw==",
			"dev": true,
			"bin": {
				"nanoid": "bin/nanoid.cjs"
			},
			"engines": {
				"node": "^10 || ^12 || ^13.7 || ^14 || >=15.0.1"
			}
		},
		"node_modules/path-parse": {
			"version": "1.0.6",
			"resolved": "https://registry.npmjs.org/path-parse/-/path-parse-1.0.6.tgz",
			"integrity": "sha512-GSmOT2EbHrINBf9SR7CDELwlJ8AENk3Qn7OikK4nFYAu3Ote2+JYNVvkpAEQm3/TLNEJFD/xZJjzyxg3KBWOzw==",
			"dev": true
		},
		"node_modules/postcss": {
			"version": "8.2.7",
			"resolved": "https://registry.npmjs.org/postcss/-/postcss-8.2.7.tgz",
			"integrity": "sha512-DsVLH3xJzut+VT+rYr0mtvOtpTjSyqDwPf5EZWXcb0uAKfitGpTY9Ec+afi2+TgdN8rWS9Cs88UDYehKo/RvOw==",
			"dev": true,
			"dependencies": {
				"colorette": "^1.2.2",
				"nanoid": "^3.1.20",
				"source-map": "^0.6.1"
			},
			"engines": {
				"node": "^10 || ^12 || >=14"
			},
			"funding": {
				"type": "opencollective",
				"url": "https://opencollective.com/postcss/"
			}
		},
		"node_modules/regenerator-runtime": {
			"version": "0.13.7",
			"resolved": "https://registry.npmjs.org/regenerator-runtime/-/regenerator-runtime-0.13.7.tgz",
			"integrity": "sha512-a54FxoJDIr27pgf7IgeQGxmqUNYrcV338lf/6gH456HZ/PhX+5BcwHXG9ajESmwe6WRO0tAzRUrRmNONWgkrew=="
		},
		"node_modules/resolve": {
			"version": "1.20.0",
			"resolved": "https://registry.npmjs.org/resolve/-/resolve-1.20.0.tgz",
			"integrity": "sha512-wENBPt4ySzg4ybFQW2TT1zMQucPK95HSh/nq2CFTZVOGut2+pQvSsgtda4d26YrYcr067wjbmzOG8byDPBX63A==",
			"dev": true,
			"dependencies": {
				"is-core-module": "^2.2.0",
				"path-parse": "^1.0.6"
			},
			"funding": {
				"url": "https://github.com/sponsors/ljharb"
			}
		},
		"node_modules/rollup": {
			"version": "2.40.0",
			"resolved": "https://registry.npmjs.org/rollup/-/rollup-2.40.0.tgz",
			"integrity": "sha512-WiOGAPbXoHu+TOz6hyYUxIksOwsY/21TRWoO593jgYt8mvYafYqQl+axaA8y1z2HFazNUUrsMSjahV2A6/2R9A==",
			"bin": {
				"rollup": "dist/bin/rollup"
			},
			"engines": {
				"node": ">=10.0.0"
			},
			"optionalDependencies": {
				"fsevents": "~2.3.1"
			}
		},
		"node_modules/source-map": {
			"version": "0.6.1",
			"resolved": "https://registry.npmjs.org/source-map/-/source-map-0.6.1.tgz",
			"integrity": "sha512-UjgapumWlbMhkBgzT7Ykc5YXUT46F0iKu8SGXq0bcwP5dz/h0Plj6enJqjz1Zbq2l5WaqYnrVbwWOWMyF3F47g==",
			"engines": {
				"node": ">=0.10.0"
			}
		},
		"node_modules/to-fast-properties": {
			"version": "2.0.0",
			"resolved": "https://registry.npmjs.org/to-fast-properties/-/to-fast-properties-2.0.0.tgz",
			"integrity": "sha1-3F5pjL0HkmW8c+A3doGk5Og/YW4=",
			"engines": {
				"node": ">=4"
			}
		},
		"node_modules/vite": {
			"version": "2.0.5",
			"resolved": "https://registry.npmjs.org/vite/-/vite-2.0.5.tgz",
			"integrity": "sha512-QTgEDbq1WsTtr6j+++ewjhBFEk6c8v0xz4fb/OWJQKNYU8ZZtphOshwOqAlnarSstPBtWCBR0tsugXx6ajfoUg==",
			"dev": true,
			"dependencies": {
				"esbuild": "^0.8.52",
				"postcss": "^8.2.1",
				"resolve": "^1.19.0",
				"rollup": "^2.38.5"
			},
			"bin": {
				"vite": "bin/vite.js"
			},
			"engines": {
				"node": ">=12.0.0"
			},
			"optionalDependencies": {
				"fsevents": "~2.3.1"
			}
		},
		"node_modules/vue": {
			"version": "3.0.7",
			"resolved": "https://registry.npmjs.org/vue/-/vue-3.0.7.tgz",
			"integrity": "sha512-8h4TikD+JabbMK9aRlBO4laG0AtNHRPHynxYgWZ9sq1YUPfzynd9Jeeb27XNyZytC7aCQRX9xe1+TQJuc181Tw==",
			"dependencies": {
				"@vue/compiler-dom": "3.0.7",
				"@vue/runtime-dom": "3.0.7",
				"@vue/shared": "3.0.7"
			}
		}
	},
	"dependencies": {
		"@arijs/frontend": {
			"version": "0.2.5",
			"resolved": "https://registry.npmjs.org/@arijs/frontend/-/frontend-0.2.5.tgz",
			"integrity": "sha512-vqkYnCBVOGl4m++ThVFxk51xcb2YTonqs+IvPR1ddYXiYqoSYELkutV1l1/AnmmUrO5m7HW+TvS6Pl6jUHZxHQ==",
			"requires": {
				"@babel/polyfill": "^7.12.1"
			}
		},
		"@arijs/stream-xml-parser": {
			"version": "0.2.0",
			"resolved": "https://registry.npmjs.org/@arijs/stream-xml-parser/-/stream-xml-parser-0.2.0.tgz",
			"integrity": "sha512-dh37xMNE/ry+fUzKG+BKT9gHGqg2q/3d0Ejx2FyLRE5dyj0OZO087fgTnzgl6IDO4qAerRPUBzVk5iTa+OGF1w=="
		},
		"@arijs/vue-prerender": {
			"version": "0.0.3",
			"resolved": "https://registry.npmjs.org/@arijs/vue-prerender/-/vue-prerender-0.0.3.tgz",
			"integrity": "sha512-NpqGBFMxAaked6uGa1l1hoWqsAvZRXf+p/Ben4OR61ZVmsh2e1Pn7gDTDEabswjkv5D7zHD1YsnCJhbetVJlpA==",
			"requires": {
				"@arijs/frontend": "^0.2.4",
				"@arijs/stream-xml-parser": "^0.2.0"
			}
		},
		"@babel/helper-validator-identifier": {
			"version": "7.12.11",
			"resolved": "https://registry.npmjs.org/@babel/helper-validator-identifier/-/helper-validator-identifier-7.12.11.tgz",
			"integrity": "sha512-np/lG3uARFybkoHokJUmf1QfEvRVCPbmQeUQpKow5cQ3xWrV9i3rUHodKDJPQfTVX61qKi+UdYk8kik84n7XOw=="
		},
		"@babel/parser": {
			"version": "7.13.9",
			"resolved": "https://registry.npmjs.org/@babel/parser/-/parser-7.13.9.tgz",
			"integrity": "sha512-nEUfRiARCcaVo3ny3ZQjURjHQZUo/JkEw7rLlSZy/psWGnvwXFtPcr6jb7Yb41DVW5LTe6KRq9LGleRNsg1Frw=="
		},
		"@babel/polyfill": {
			"version": "7.12.1",
			"resolved": "https://registry.npmjs.org/@babel/polyfill/-/polyfill-7.12.1.tgz",
			"integrity": "sha512-X0pi0V6gxLi6lFZpGmeNa4zxtwEmCs42isWLNjZZDE0Y8yVfgu0T2OAHlzBbdYlqbW/YXVvoBHpATEM+goCj8g==",
			"requires": {
				"core-js": "^2.6.5",
				"regenerator-runtime": "^0.13.4"
			}
		},
		"@babel/types": {
			"version": "7.13.0",
			"resolved": "https://registry.npmjs.org/@babel/types/-/types-7.13.0.tgz",
			"integrity": "sha512-hE+HE8rnG1Z6Wzo+MhaKE5lM5eMx71T4EHJgku2E3xIfaULhDcxiiRxUYgwX8qwP1BBSlag+TdGOt6JAidIZTA==",
			"requires": {
				"@babel/helper-validator-identifier": "^7.12.11",
				"lodash": "^4.17.19",
				"to-fast-properties": "^2.0.0"
			}
		},
		"@vue/compiler-core": {
			"version": "3.0.7",
			"resolved": "https://registry.npmjs.org/@vue/compiler-core/-/compiler-core-3.0.7.tgz",
			"integrity": "sha512-JFohgBXoyUc3mdeI2WxlhjQZ5fakfemJkZHX8Gu/nFbEg3+lKVUZmNKWmmnp9aOzJQZKoj77LjmFxiP+P+7lMQ==",
			"requires": {
				"@babel/parser": "^7.12.0",
				"@babel/types": "^7.12.0",
				"@vue/shared": "3.0.7",
				"estree-walker": "^2.0.1",
				"source-map": "^0.6.1"
			}
		},
		"@vue/compiler-dom": {
			"version": "3.0.7",
			"resolved": "https://registry.npmjs.org/@vue/compiler-dom/-/compiler-dom-3.0.7.tgz",
			"integrity": "sha512-VnIH9EbWQm/Tkcp+8dCaNVsVvhm/vxCrIKWRkXY9215hTqOqQOvejT8IMjd2kc++nIsYMsdQk6H9qqBvoLe/Cw==",
			"requires": {
				"@vue/compiler-core": "3.0.7",
				"@vue/shared": "3.0.7"
			}
		},
		"@vue/reactivity": {
			"version": "3.0.7",
			"resolved": "https://registry.npmjs.org/@vue/reactivity/-/reactivity-3.0.7.tgz",
			"integrity": "sha512-FotWcNNaKhqpFZrdgsUOZ1enlJ5lhTt01CNTtLSyK7jYFgZBTuw8vKsEutZKDYZ1XKotOfoeO8N3pZQqmM6Etw==",
			"requires": {
				"@vue/shared": "3.0.7"
			}
		},
		"@vue/runtime-core": {
			"version": "3.0.7",
			"resolved": "https://registry.npmjs.org/@vue/runtime-core/-/runtime-core-3.0.7.tgz",
			"integrity": "sha512-DBAZAwVvdmMXuyd6/9qqj/kYr/GaLTmn1L2/QLxLwP+UfhIboiTSBc/tUUb8MRk7Bb98GzNeAWkkT6AfooS3dQ==",
			"requires": {
				"@vue/reactivity": "3.0.7",
				"@vue/shared": "3.0.7"
			}
		},
		"@vue/runtime-dom": {
			"version": "3.0.7",
			"resolved": "https://registry.npmjs.org/@vue/runtime-dom/-/runtime-dom-3.0.7.tgz",
			"integrity": "sha512-Oij4ruOtnpQpCj+/Q3JPzgpTJ1Q7+N67pA53A8KVITEtxfvKL46NN6dhAZ5NGqwX6RWZpYqWQNewITeF0pHr8g==",
			"requires": {
				"@vue/runtime-core": "3.0.7",
				"@vue/shared": "3.0.7",
				"csstype": "^2.6.8"
			}
		},
		"@vue/shared": {
			"version": "3.0.7",
			"resolved": "https://registry.npmjs.org/@vue/shared/-/shared-3.0.7.tgz",
			"integrity": "sha512-dn5FyfSc4ky424jH4FntiHno7Ss5yLkqKNmM/NXwANRnlkmqu74pnGetexDFVG5phMk9/FhwovUZCWGxsotVKg=="
		},
		"colorette": {
			"version": "1.2.2",
			"resolved": "https://registry.npmjs.org/colorette/-/colorette-1.2.2.tgz",
			"integrity": "sha512-MKGMzyfeuutC/ZJ1cba9NqcNpfeqMUcYmyF1ZFY6/Cn7CNSAKx6a+s48sqLqyAiZuaP2TcqMhoo+dlwFnVxT9w==",
			"dev": true
		},
		"core-js": {
			"version": "2.6.12",
			"resolved": "https://registry.npmjs.org/core-js/-/core-js-2.6.12.tgz",
			"integrity": "sha512-Kb2wC0fvsWfQrgk8HU5lW6U/Lcs8+9aaYcy4ZFc6DDlo4nZ7n70dEgE5rtR0oG6ufKDUnrwfWL1mXR5ljDatrQ=="
		},
		"csstype": {
			"version": "2.6.16",
			"resolved": "https://registry.npmjs.org/csstype/-/csstype-2.6.16.tgz",
			"integrity": "sha512-61FBWoDHp/gRtsoDkq/B1nWrCUG/ok1E3tUrcNbZjsE9Cxd9yzUirjS3+nAATB8U4cTtaQmAHbNndoFz5L6C9Q=="
		},
		"esbuild": {
			"version": "0.8.56",
			"resolved": "https://registry.npmjs.org/esbuild/-/esbuild-0.8.56.tgz",
			"integrity": "sha512-PTMdAWK3JI2MNW811znGssGP5GR44tQPr++VQ1rPP0n8Z1cTKbCPD3S/kXPLr3ZZDIwAaVm08fuFym6Rp8l/0A==",
			"dev": true
		},
		"estree-walker": {
			"version": "2.0.2",
			"resolved": "https://registry.npmjs.org/estree-walker/-/estree-walker-2.0.2.tgz",
			"integrity": "sha512-Rfkk/Mp/DL7JVje3u18FxFujQlTNR2q6QfMSMB7AvCBx91NGj/ba3kCfza0f6dVDbw7YlRf/nDrn7pQrCCyQ/w=="
		},
		"fsevents": {
			"version": "2.3.2",
			"resolved": "https://registry.npmjs.org/fsevents/-/fsevents-2.3.2.tgz",
			"integrity": "sha512-xiqMQR4xAeHTuB9uWm+fFRcIOgKBMiOBP+eXiyT7jsgVCq1bkVygt00oASowB7EdtpOHaaPgKt812P9ab+DDKA==",
			"optional": true
		},
		"function-bind": {
			"version": "1.1.1",
			"resolved": "https://registry.npmjs.org/function-bind/-/function-bind-1.1.1.tgz",
			"integrity": "sha512-yIovAzMX49sF8Yl58fSCWJ5svSLuaibPxXQJFLmBObTuCr0Mf1KiPopGM9NiFjiYBCbfaa2Fh6breQ6ANVTI0A==",
			"dev": true
		},
		"has": {
			"version": "1.0.3",
			"resolved": "https://registry.npmjs.org/has/-/has-1.0.3.tgz",
			"integrity": "sha512-f2dvO0VU6Oej7RkWJGrehjbzMAjFp5/VKPp5tTpWIV4JHHZK1/BxbFRtf/siA2SWTe09caDmVtYYzWEIbBS4zw==",
			"dev": true,
			"requires": {
				"function-bind": "^1.1.1"
			}
		},
		"is-core-module": {
			"version": "2.2.0",
			"resolved": "https://registry.npmjs.org/is-core-module/-/is-core-module-2.2.0.tgz",
			"integrity": "sha512-XRAfAdyyY5F5cOXn7hYQDqh2Xmii+DEfIcQGxK/uNwMHhIkPWO0g8msXcbzLe+MpGoR951MlqM/2iIlU4vKDdQ==",
			"dev": true,
			"requires": {
				"has": "^1.0.3"
			}
		},
		"lodash": {
			"version": "4.17.21",
			"resolved": "https://registry.npmjs.org/lodash/-/lodash-4.17.21.tgz",
			"integrity": "sha512-v2kDEe57lecTulaDIuNTPy3Ry4gLGJ6Z1O3vE1krgXZNrsQ+LFTGHVxVjcXPs17LhbZVGedAJv8XZ1tvj5FvSg=="
		},
		"nanoid": {
			"version": "3.1.20",
			"resolved": "https://registry.npmjs.org/nanoid/-/nanoid-3.1.20.tgz",
			"integrity": "sha512-a1cQNyczgKbLX9jwbS/+d7W8fX/RfgYR7lVWwWOGIPNgK2m0MWvrGF6/m4kk6U3QcFMnZf3RIhL0v2Jgh/0Uxw==",
			"dev": true
		},
		"path-parse": {
			"version": "1.0.6",
			"resolved": "https://registry.npmjs.org/path-parse/-/path-parse-1.0.6.tgz",
			"integrity": "sha512-GSmOT2EbHrINBf9SR7CDELwlJ8AENk3Qn7OikK4nFYAu3Ote2+JYNVvkpAEQm3/TLNEJFD/xZJjzyxg3KBWOzw==",
			"dev": true
		},
		"postcss": {
			"version": "8.2.7",
			"resolved": "https://registry.npmjs.org/postcss/-/postcss-8.2.7.tgz",
			"integrity": "sha512-DsVLH3xJzut+VT+rYr0mtvOtpTjSyqDwPf5EZWXcb0uAKfitGpTY9Ec+afi2+TgdN8rWS9Cs88UDYehKo/RvOw==",
			"dev": true,
			"requires": {
				"colorette": "^1.2.2",
				"nanoid": "^3.1.20",
				"source-map": "^0.6.1"
			}
		},
		"regenerator-runtime": {
			"version": "0.13.7",
			"resolved": "https://registry.npmjs.org/regenerator-runtime/-/regenerator-runtime-0.13.7.tgz",
			"integrity": "sha512-a54FxoJDIr27pgf7IgeQGxmqUNYrcV338lf/6gH456HZ/PhX+5BcwHXG9ajESmwe6WRO0tAzRUrRmNONWgkrew=="
		},
		"resolve": {
			"version": "1.20.0",
			"resolved": "https://registry.npmjs.org/resolve/-/resolve-1.20.0.tgz",
			"integrity": "sha512-wENBPt4ySzg4ybFQW2TT1zMQucPK95HSh/nq2CFTZVOGut2+pQvSsgtda4d26YrYcr067wjbmzOG8byDPBX63A==",
			"dev": true,
			"requires": {
				"is-core-module": "^2.2.0",
				"path-parse": "^1.0.6"
			}
		},
		"rollup": {
			"version": "2.40.0",
			"resolved": "https://registry.npmjs.org/rollup/-/rollup-2.40.0.tgz",
			"integrity": "sha512-WiOGAPbXoHu+TOz6hyYUxIksOwsY/21TRWoO593jgYt8mvYafYqQl+axaA8y1z2HFazNUUrsMSjahV2A6/2R9A==",
			"requires": {
				"fsevents": "~2.3.1"
			}
		},
		"source-map": {
			"version": "0.6.1",
			"resolved": "https://registry.npmjs.org/source-map/-/source-map-0.6.1.tgz",
			"integrity": "sha512-UjgapumWlbMhkBgzT7Ykc5YXUT46F0iKu8SGXq0bcwP5dz/h0Plj6enJqjz1Zbq2l5WaqYnrVbwWOWMyF3F47g=="
		},
		"to-fast-properties": {
			"version": "2.0.0",
			"resolved": "https://registry.npmjs.org/to-fast-properties/-/to-fast-properties-2.0.0.tgz",
			"integrity": "sha1-3F5pjL0HkmW8c+A3doGk5Og/YW4="
		},
		"vite": {
			"version": "2.0.5",
			"resolved": "https://registry.npmjs.org/vite/-/vite-2.0.5.tgz",
			"integrity": "sha512-QTgEDbq1WsTtr6j+++ewjhBFEk6c8v0xz4fb/OWJQKNYU8ZZtphOshwOqAlnarSstPBtWCBR0tsugXx6ajfoUg==",
			"dev": true,
			"requires": {
				"esbuild": "^0.8.52",
				"fsevents": "~2.3.1",
				"postcss": "^8.2.1",
				"resolve": "^1.19.0",
				"rollup": "^2.38.5"
			}
		},
		"vue": {
			"version": "3.0.7",
			"resolved": "https://registry.npmjs.org/vue/-/vue-3.0.7.tgz",
			"integrity": "sha512-8h4TikD+JabbMK9aRlBO4laG0AtNHRPHynxYgWZ9sq1YUPfzynd9Jeeb27XNyZytC7aCQRX9xe1+TQJuc181Tw==",
			"requires": {
				"@vue/compiler-dom": "3.0.7",
				"@vue/runtime-dom": "3.0.7",
				"@vue/shared": "3.0.7"
			}
		}
	}
}
